
Microsoft Visual Studio Solution File, Format Version 12.00
# Visual Studio 15
VisualStudioVersion = 15.0.26430.6
MinimumVisualStudioVersion = 10.0.40219.1
Project("{FAE04EC0-301F-11D3-BF4B-00C04F79EFBC}") = "Lab Week 5", "Lab Week 5\Lab Week 5.csproj", "{6EED8264-3D34-4543-B43C-90D7BD9A2EF0}"
EndProject
Global
	GlobalSection(SolutionConfigurationPlatforms) = preSolution
		Debug|Any CPU = Debug|Any CPU
		Release|Any CPU = Release|Any CPU
	EndGlobalSection
	GlobalSection(ProjectConfigurationPlatforms) = postSolution
		{6EED8264-3D34-4543-B43C-90D7BD9A2EF0}.Debug|Any CPU.ActiveCfg = Debug|Any CPU
		{6EED8264-3D34-4543-B43C-90D7BD9A2EF0}.Debug|Any CPU.Build.0 = Debug|Any CPU
		{6EED8264-3D34-4543-B43C-90D7BD9A2EF0}.Release|Any CPU.ActiveCfg = Release|Any CPU
		{6EED8264-3D34-4543-B43C-90D7BD9A2EF0}.Release|Any CPU.Build.0 = Release|Any CPU
	EndGlobalSection
	GlobalSection(SolutionProperties) = preSolution
		HideSolutionNode = FALSE
	EndGlobalSection
EndGlobal
